// !$*UTF8*$!
{
	archiveVersion = 1;
	classes = {
	};
	objectVersion = 46;
	objects = {

/* Begin PBXBuildFile section */
		6488D4C41E729B9B0023393D /* SwiftShareBubbles.framework in Frameworks */ = {isa = PBXBuildFile; fileRef = 6488D4BA1E729B9B0023393D /* SwiftShareBubbles.framework */; };
		6488D4C91E729B9B0023393D /* SwiftShareBubblesTests.swift in Sources */ = {isa = PBXBuildFile; fileRef = 6488D4C81E729B9B0023393D /* SwiftShareBubblesTests.swift */; };
		6488D4CB1E729B9B0023393D /* SwiftShareBubbles.h in Headers */ = {isa = PBXBuildFile; fileRef = 6488D4BD1E729B9B0023393D /* SwiftShareBubbles.h */; settings = {ATTRIBUTES = (Public, ); }; };
		6488D4D51E729BD50023393D /* SwiftShareBubbles.swift in Sources */ = {isa = PBXBuildFile; fileRef = 6488D4D41E729BD50023393D /* SwiftShareBubbles.swift */; };
		6488D53E1E729F5C0023393D /* SwiftShareBubbles.bundle in Resources */ = {isa = PBXBuildFile; fileRef = 6488D53D1E729F5C0023393D /* SwiftShareBubbles.bundle */; };
		6488D5401E729FBA0023393D /* SwiftShareBubblesDelegate.swift in Sources */ = {isa = PBXBuildFile; fileRef = 6488D53F1E729FBA0023393D /* SwiftShareBubblesDelegate.swift */; };
		AC5AFC4B1E72E14C005FA538 /* ShareAttirbute.swift in Sources */ = {isa = PBXBuildFile; fileRef = AC5AFC4A1E72E14C005FA538 /* ShareAttirbute.swift */; };
		AC5AFC4D1E744CF3005FA538 /* UIColor+SwiftShareBubble.swift in Sources */ = {isa = PBXBuildFile; fileRef = AC5AFC4C1E744CF3005FA538 /* UIColor+SwiftShareBubble.swift */; };
		AC5AFC4F1E744F6F005FA538 /* Bubble.swift in Sources */ = {isa = PBXBuildFile; fileRef = AC5AFC4E1E744F6F005FA538 /* Bubble.swift */; };
/* End PBXBuildFile section */

/* Begin PBXContainerItemProxy section */
		6488D4C51E729B9B0023393D /* PBXContainerItemProxy */ = {
			isa = PBXContainerItemProxy;
			containerPortal = 6488D4B11E729B9B0023393D /* Project object */;
			proxyType = 1;
			remoteGlobalIDString = 6488D4B91E729B9B0023393D;
			remoteInfo = SwiftShareBubbles;
		};
/* End PBXContainerItemProxy section */

/* Begin PBXFileReference section */
		6488D4BA1E729B9B0023393D /* SwiftShareBubbles.framework */ = {isa = PBXFileReference; explicitFileType = wrapper.framework; includeInIndex = 0; path = SwiftShareBubbles.framework; sourceTree = BUILT_PRODUCTS_DIR; };
		6488D4BD1E729B9B0023393D /* SwiftShareBubbles.h */ = {isa = PBXFileReference; lastKnownFileType = sourcecode.c.h; path = SwiftShareBubbles.h; sourceTree = "<group>"; };
		6488D4BE1E729B9B0023393D /* Info.plist */ = {isa = PBXFileReference; lastKnownFileType = text.plist.xml; path = Info.plist; sourceTree = "<group>"; };
		6488D4C31E729B9B0023393D /* SwiftShareBubblesTests.xctest */ = {isa = PBXFileReference; explicitFileType = wrapper.cfbundle; includeInIndex = 0; path = SwiftShareBubblesTests.xctest; sourceTree = BUILT_PRODUCTS_DIR; };
		6488D4C81E729B9B0023393D /* SwiftShareBubblesTests.swift */ = {isa = PBXFileReference; lastKnownFileType = sourcecode.swift; path = SwiftShareBubblesTests.swift; sourceTree = "<group>"; };
		6488D4CA1E729B9B0023393D /* Info.plist */ = {isa = PBXFileReference; lastKnownFileType = text.plist.xml; path = Info.plist; sourceTree = "<group>"; };
		6488D4D41E729BD50023393D /* SwiftShareBubbles.swift */ = {isa = PBXFileReference; fileEncoding = 4; lastKnownFileType = sourcecode.swift; path = SwiftShareBubbles.swift; sourceTree = "<group>"; };
		6488D53D1E729F5C0023393D /* SwiftShareBubbles.bundle */ = {isa = PBXFileReference; lastKnownFileType = "wrapper.plug-in"; path = SwiftShareBubbles.bundle; sourceTree = "<group>"; };
		6488D53F1E729FBA0023393D /* SwiftShareBubblesDelegate.swift */ = {isa = PBXFileReference; fileEncoding = 4; lastKnownFileType = sourcecode.swift; path = SwiftShareBubblesDelegate.swift; sourceTree = "<group>"; };
		AC5AFC4A1E72E14C005FA538 /* ShareAttirbute.swift */ = {isa = PBXFileReference; fileEncoding = 4; lastKnownFileType = sourcecode.swift; path = ShareAttirbute.swift; sourceTree = "<group>"; };
		AC5AFC4C1E744CF3005FA538 /* UIColor+SwiftShareBubble.swift */ = {isa = PBXFileReference; fileEncoding = 4; lastKnownFileType = sourcecode.swift; path = "UIColor+SwiftShareBubble.swift"; sourceTree = "<group>"; };
		AC5AFC4E1E744F6F005FA538 /* Bubble.swift */ = {isa = PBXFileReference; fileEncoding = 4; lastKnownFileType = sourcecode.swift; path = Bubble.swift; sourceTree = "<group>"; };
/* End PBXFileReference section */

/* Begin PBXFrameworksBuildPhase section */
		6488D4B61E729B9B0023393D /* Frameworks */ = {
			isa = PBXFrameworksBuildPhase;
			buildActionMask = 2147483647;
			files = (
			);
			runOnlyForDeploymentPostprocessing = 0;
		};
		6488D4C01E729B9B0023393D /* Frameworks */ = {
			isa = PBXFrameworksBuildPhase;
			buildActionMask = 2147483647;
			files = (
				6488D4C41E729B9B0023393D /* SwiftShareBubbles.framework in Frameworks */,
			);
			runOnlyForDeploymentPostprocessing = 0;
		};
/* End PBXFrameworksBuildPhase section */

/* Begin PBXGroup section */
		6488D4B01E729B9B0023393D = {
			isa = PBXGroup;
			children = (
				6488D4BC1E729B9B0023393D /* SwiftShareBubbles */,
				6488D4C71E729B9B0023393D /* SwiftShareBubblesTests */,
				6488D4BB1E729B9B0023393D /* Products */,
			);
			sourceTree = "<group>";
		};
		6488D4BB1E729B9B0023393D /* Products */ = {
			isa = PBXGroup;
			children = (
				6488D4BA1E729B9B0023393D /* SwiftShareBubbles.framework */,
				6488D4C31E729B9B0023393D /* SwiftShareBubblesTests.xctest */,
			);
			name = Products;
			sourceTree = "<group>";
		};
		6488D4BC1E729B9B0023393D /* SwiftShareBubbles */ = {
			isa = PBXGroup;
			children = (
				6488D53D1E729F5C0023393D /* SwiftShareBubbles.bundle */,
				6488D4BD1E729B9B0023393D /* SwiftShareBubbles.h */,
				6488D4BE1E729B9B0023393D /* Info.plist */,
				AC5AFC4A1E72E14C005FA538 /* ShareAttirbute.swift */,
				6488D4D41E729BD50023393D /* SwiftShareBubbles.swift */,
				6488D53F1E729FBA0023393D /* SwiftShareBubblesDelegate.swift */,
				AC5AFC4C1E744CF3005FA538 /* UIColor+SwiftShareBubble.swift */,
				AC5AFC4E1E744F6F005FA538 /* Bubble.swift */,
			);
			path = SwiftShareBubbles;
			sourceTree = "<group>";
		};
		6488D4C71E729B9B0023393D /* SwiftShareBubblesTests */ = {
			isa = PBXGroup;
			children = (
				6488D4C81E729B9B0023393D /* SwiftShareBubblesTests.swift */,
				6488D4CA1E729B9B0023393D /* Info.plist */,
			);
			path = SwiftShareBubblesTests;
			sourceTree = "<group>";
		};
/* End PBXGroup section */

/* Begin PBXHeadersBuildPhase section */
		6488D4B71E729B9B0023393D /* Headers */ = {
			isa = PBXHeadersBuildPhase;
			buildActionMask = 2147483647;
			files = (
				6488D4CB1E729B9B0023393D /* SwiftShareBubbles.h in Headers */,
			);
			runOnlyForDeploymentPostprocessing = 0;
		};
/* End PBXHeadersBuildPhase section */

/* Begin PBXNativeTarget section */
		6488D4B91E729B9B0023393D /* SwiftShareBubbles */ = {
			isa = PBXNativeTarget;
			buildConfigurationList = 6488D4CE1E729B9B0023393D /* Build configuration list for PBXNativeTarget "SwiftShareBubbles" */;
			buildPhases = (
				6488D4B51E729B9B0023393D /* Sources */,
				6488D4B61E729B9B0023393D /* Frameworks */,
				6488D4B71E729B9B0023393D /* Headers */,
				6488D4B81E729B9B0023393D /* Resources */,
			);
			buildRules = (
			);
			dependencies = (
			);
			name = SwiftShareBubbles;
			productName = SwiftShareBubbles;
			productReference = 6488D4BA1E729B9B0023393D /* SwiftShareBubbles.framework */;
			productType = "com.apple.product-type.framework";
		};
		6488D4C21E729B9B0023393D /* SwiftShareBubblesTests */ = {
			isa = PBXNativeTarget;
			buildConfigurationList = 6488D4D11E729B9B0023393D /* Build configuration list for PBXNativeTarget "SwiftShareBubblesTests" */;
			buildPhases = (
				6488D4BF1E729B9B0023393D /* Sources */,
				6488D4C01E729B9B0023393D /* Frameworks */,
				6488D4C11E729B9B0023393D /* Resources */,
			);
			buildRules = (
			);
			dependencies = (
				6488D4C61E729B9B0023393D /* PBXTargetDependency */,
			);
			name = SwiftShareBubblesTests;
			productName = SwiftShareBubblesTests;
			productReference = 6488D4C31E729B9B0023393D /* SwiftShareBubblesTests.xctest */;
			productType = "com.apple.product-type.bundle.unit-test";
		};
/* End PBXNativeTarget section */

/* Begin PBXProject section */
		6488D4B11E729B9B0023393D /* Project object */ = {
			isa = PBXProject;
			attributes = {
				LastSwiftUpdateCheck = 0820;
				LastUpgradeCheck = 0820;
				ORGANIZATIONNAME = com.takecian;
				TargetAttributes = {
					6488D4B91E729B9B0023393D = {
						CreatedOnToolsVersion = 8.2.1;
						DevelopmentTeam = 495G5CPHRQ;
						LastSwiftMigration = 0820;
						ProvisioningStyle = Automatic;
					};
					6488D4C21E729B9B0023393D = {
						CreatedOnToolsVersion = 8.2.1;
						DevelopmentTeam = 495G5CPHRQ;
						ProvisioningStyle = Automatic;
					};
				};
			};
			buildConfigurationList = 6488D4B41E729B9B0023393D /* Build configuration list for PBXProject "SwiftShareBubbles" */;
			compatibilityVersion = "Xcode 3.2";
			developmentRegion = English;
			hasScannedForEncodings = 0;
			knownRegions = (
				English,
				en,
			);
			mainGroup = 6488D4B01E729B9B0023393D;
			productRefGroup = 6488D4BB1E729B9B0023393D /* Products */;
			projectDirPath = "";
			projectRoot = "";
			targets = (
				6488D4B91E729B9B0023393D /* SwiftShareBubbles */,
				6488D4C21E729B9B0023393D /* SwiftShareBubblesTests */,
			);
		};
/* End PBXProject section */

/* Begin PBXResourcesBuildPhase section */
		6488D4B81E729B9B0023393D /* Resources */ = {
			isa = PBXResourcesBuildPhase;
			buildActionMask = 2147483647;
			files = (
				6488D53E1E729F5C0023393D /* SwiftShareBubbles.bundle in Resources */,
			);
			runOnlyForDeploymentPostprocessing = 0;
		};
		6488D4C11E729B9B0023393D /* Resources */ = {
			isa = PBXResourcesBuildPhase;
			buildActionMask = 2147483647;
			files = (
			);
			runOnlyForDeploymentPostprocessing = 0;
		};
/* End PBXResourcesBuildPhase section */

/* Begin PBXSourcesBuildPhase section */
		6488D4B51E729B9B0023393D /* Sources */ = {
			isa = PBXSourcesBuildPhase;
			buildActionMask = 2147483647;
			files = (
				6488D5401E729FBA0023393D /* SwiftShareBubblesDelegate.swift in Sources */,
				AC5AFC4F1E744F6F005FA538 /* Bubble.swift in Sources */,
				AC5AFC4D1E744CF3005FA538 /* UIColor+SwiftShareBubble.swift in Sources */,
				6488D4D51E729BD50023393D /* SwiftShareBubbles.swift in Sources */,
				AC5AFC4B1E72E14C005FA538 /* ShareAttirbute.swift in Sources */,
			);
			runOnlyForDeploymentPostprocessing = 0;
		};
		6488D4BF1E729B9B0023393D /* Sources */ = {
			isa = PBXSourcesBuildPhase;
			buildActionMask = 2147483647;
			files = (
				6488D4C91E729B9B0023393D /* SwiftShareBubblesTests.swift in Sources */,
			);
			runOnlyForDeploymentPostprocessing = 0;
		};
/* End PBXSourcesBuildPhase section */

/* Begin PBXTargetDependency section */
		6488D4C61E729B9B0023393D /* PBXTargetDependency */ = {
			isa = PBXTargetDependency;
			target = 6488D4B91E729B9B0023393D /* SwiftShareBubbles */;
			targetProxy = 6488D4C51E729B9B0023393D /* PBXContainerItemProxy */;
		};
/* End PBXTargetDependency section */

/* Begin XCBuildConfiguration section */
		6488D4CC1E729B9B0023393D /* Debug */ = {
			isa = XCBuildConfiguration;
			buildSettings = {
				ALWAYS_SEARCH_USER_PATHS = NO;
				CLANG_ANALYZER_NONNULL = YES;
				CLANG_CXX_LANGUAGE_STANDARD = "gnu++0x";
				CLANG_CXX_LIBRARY = "libc++";
				CLANG_ENABLE_MODULES = YES;
				CLANG_ENABLE_OBJC_ARC = YES;
				CLANG_WARN_BOOL_CONVERSION = YES;
				CLANG_WARN_CONSTANT_CONVERSION = YES;
				CLANG_WARN_DIRECT_OBJC_ISA_USAGE = YES_ERROR;
				CLANG_WARN_DOCUMENTATION_COMMENTS = YES;
				CLANG_WARN_EMPTY_BODY = YES;
				CLANG_WARN_ENUM_CONVERSION = YES;
				CLANG_WARN_INFINITE_RECURSION = YES;
				CLANG_WARN_INT_CONVERSION = YES;
				CLANG_WARN_OBJC_ROOT_CLASS = YES_ERROR;
				CLANG_WARN_SUSPICIOUS_MOVE = YES;
				CLANG_WARN_UNREACHABLE_CODE = YES;
				CLANG_WARN__DUPLICATE_METHOD_MATCH = YES;
				"CODE_SIGN_IDENTITY[sdk=iphoneos*]" = "iPhone Developer";
				COPY_PHASE_STRIP = NO;
				CURRENT_PROJECT_VERSION = 1;
				DEBUG_INFORMATION_FORMAT = dwarf;
				ENABLE_STRICT_OBJC_MSGSEND = YES;
				ENABLE_TESTABILITY = YES;
				GCC_C_LANGUAGE_STANDARD = gnu99;
				GCC_DYNAMIC_NO_PIC = NO;
				GCC_NO_COMMON_BLOCKS = YES;
				GCC_OPTIMIZATION_LEVEL = 0;
				GCC_PREPROCESSOR_DEFINITIONS = (
					"DEBUG=1",
					"$(inherited)",
				);
				GCC_WARN_64_TO_32_BIT_CONVERSION = YES;
				GCC_WARN_ABOUT_RETURN_TYPE = YES_ERROR;
				GCC_WARN_UNDECLARED_SELECTOR = YES;
				GCC_WARN_UNINITIALIZED_AUTOS = YES_AGGRESSIVE;
				GCC_WARN_UNUSED_FUNCTION = YES;
				GCC_WARN_UNUSED_VARIABLE = YES;
				IPHONEOS_DEPLOYMENT_TARGET = 8.0;
				MTL_ENABLE_DEBUG_INFO = YES;
				ONLY_ACTIVE_ARCH = YES;
				SDKROOT = iphoneos;
				SWIFT_ACTIVE_COMPILATION_CONDITIONS = DEBUG;
				SWIFT_OPTIMIZATION_LEVEL = "-Onone";
				TARGETED_DEVICE_FAMILY = "1,2";
				VERSIONING_SYSTEM = "apple-generic";
				VERSION_INFO_PREFIX = "";
			};
			name = Debug;
		};
		6488D4CD1E729B9B0023393D /* Release */ = {
			isa = XCBuildConfiguration;
			buildSettings = {
				ALWAYS_SEARCH_USER_PATHS = NO;
				CLANG_ANALYZER_NONNULL = YES;
				CLANG_CXX_LANGUAGE_STANDARD = "gnu++0x";
				CLANG_CXX_LIBRARY = "libc++";
				CLANG_ENABLE_MODULES = YES;
				CLANG_ENABLE_OBJC_ARC = YES;
				CLANG_WARN_BOOL_CONVERSION = YES;
				CLANG_WARN_CONSTANT_CONVERSION = YES;
				CLANG_WARN_DIRECT_OBJC_ISA_USAGE = YES_ERROR;
				CLANG_WARN_DOCUMENTATION_COMMENTS = YES;
				CLANG_WARN_EMPTY_BODY = YES;
				CLANG_WARN_ENUM_CONVERSION = YES;
				CLANG_WARN_INFINITE_RECURSION = YES;
				CLANG_WARN_INT_CONVERSION = YES;
				CLANG_WARN_OBJC_ROOT_CLASS = YES_ERROR;
				CLANG_WARN_SUSPICIOUS_MOVE = YES;
				CLANG_WARN_UNREACHABLE_CODE = YES;
				CLANG_WARN__DUPLICATE_METHOD_MATCH = YES;
				"CODE_SIGN_IDENTITY[sdk=iphoneos*]" = "iPhone Developer";
				COPY_PHASE_STRIP = NO;
				CURRENT_PROJECT_VERSION = 1;
				DEBUG_INFORMATION_FORMAT = "dwarf-with-dsym";
				ENABLE_NS_ASSERTIONS = NO;
				ENABLE_STRICT_OBJC_MSGSEND = YES;
				GCC_C_LANGUAGE_STANDARD = gnu99;
				GCC_NO_COMMON_BLOCKS = YES;
				GCC_WARN_64_TO_32_BIT_CONVERSION = YES;
				GCC_WARN_ABOUT_RETURN_TYPE = YES_ERROR;
				GCC_WARN_UNDECLARED_SELECTOR = YES;
				GCC_WARN_UNINITIALIZED_AUTOS = YES_AGGRESSIVE;
				GCC_WARN_UNUSED_FUNCTION = YES;
				GCC_WARN_UNUSED_VARIABLE = YES;
				IPHONEOS_DEPLOYMENT_TARGET = 8.0;
				MTL_ENABLE_DEBUG_INFO = NO;
				SDKROOT = iphoneos;
				SWIFT_OPTIMIZATION_LEVEL = "-Owholemodule";
				TARGETED_DEVICE_FAMILY = "1,2";
				VALIDATE_PRODUCT = YES;
				VERSIONING_SYSTEM = "apple-generic";
				VERSION_INFO_PREFIX = "";
			};
			name = Release;
		};
		6488D4CF1E729B9B0023393D /* Debug */ = {
			isa = XCBuildConfiguration;
			buildSettings = {
				CLANG_ENABLE_MODULES = YES;
				CODE_SIGN_IDENTITY = "";
				DEFINES_MODULE = YES;
				DEVELOPMENT_TEAM = 495G5CPHRQ;
				DYLIB_COMPATIBILITY_VERSION = 1;
				DYLIB_CURRENT_VERSION = 1;
				DYLIB_INSTALL_NAME_BASE = "@rpath";
				INFOPLIST_FILE = SwiftShareBubbles/Info.plist;
				INSTALL_PATH = "$(LOCAL_LIBRARY_DIR)/Frameworks";
				LD_RUNPATH_SEARCH_PATHS = "$(inherited) @executable_path/Frameworks @loader_path/Frameworks";
				PRODUCT_BUNDLE_IDENTIFIER = com.takecian.SwiftShareBubbles;
				PRODUCT_NAME = "$(TARGET_NAME)";
				SKIP_INSTALL = YES;
				SWIFT_OPTIMIZATION_LEVEL = "-Onone";
				SWIFT_VERSION = 5.0;
			};
			name = Debug;
		};
		6488D4D01E729B9B0023393D /* Release */ = {
			isa = XCBuildConfiguration;
			buildSettings = {
				CLANG_ENABLE_CODE_COVERAGE = NO;
				CLANG_ENABLE_MODULES = YES;
				CODE_SIGN_IDENTITY = "";
				DEFINES_MODULE = YES;
				DEVELOPMENT_TEAM = 495G5CPHRQ;
				DYLIB_COMPATIBILITY_VERSION = 1;
				DYLIB_CURRENT_VERSION = 1;
				DYLIB_INSTALL_NAME_BASE = "@rpath";
				INFOPLIST_FILE = SwiftShareBubbles/Info.plist;
				INSTALL_PATH = "$(LOCAL_LIBRARY_DIR)/Frameworks";
				LD_RUNPATH_SEARCH_PATHS = "$(inherited) @executable_path/Frameworks @loader_path/Frameworks";
				PRODUCT_BUNDLE_IDENTIFIER = com.takecian.SwiftShareBubbles;
				PRODUCT_NAME = "$(TARGET_NAME)";
				SKIP_INSTALL = YES;
				SWIFT_VERSION = 5.0;
			};
			name = Release;
		};
		6488D4D21E729B9B0023393D /* Debug */ = {
			isa = XCBuildConfiguration;
			buildSettings = {
				ALWAYS_EMBED_SWIFT_STANDARD_LIBRARIES = YES;
				DEVELOPMENT_TEAM = 495G5CPHRQ;
				INFOPLIST_FILE = SwiftShareBubblesTests/Info.plist;
				LD_RUNPATH_SEARCH_PATHS = "$(inherited) @executable_path/Frameworks @loader_path/Frameworks";
				PRODUCT_BUNDLE_IDENTIFIER = com.takecian.SwiftShareBubblesTests;
				PRODUCT_NAME = "$(TARGET_NAME)";
				SWIFT_VERSION = 5.0;
			};
			name = Debug;
		};
		6488D4D31E729B9B0023393D /* Release */ = {
			isa = XCBuildConfiguration;
			buildSettings = {
				ALWAYS_EMBED_SWIFT_STANDARD_LIBRARIES = YES;
				DEVELOPMENT_TEAM = 495G5CPHRQ;
				INFOPLIST_FILE = SwiftShareBubblesTests/Info.plist;
				LD_RUNPATH_SEARCH_PATHS = "$(inherited) @executable_path/Frameworks @loader_path/Frameworks";
				PRODUCT_BUNDLE_IDENTIFIER = com.takecian.SwiftShareBubblesTests;
				PRODUCT_NAME = "$(TARGET_NAME)";
				SWIFT_VERSION = 5.0;
			};
			name = Release;
		};
/* End XCBuildConfiguration section */

/* Begin XCConfigurationList section */
		6488D4B41E729B9B0023393D /* Build configuration list for PBXProject "SwiftShareBubbles" */ = {
			isa = XCConfigurationList;
			buildConfigurations = (
				6488D4CC1E729B9B0023393D /* Debug */,
				6488D4CD1E729B9B0023393D /* Release */,
			);
			defaultConfigurationIsVisible = 0;
			defaultConfigurationName = Release;
		};
		6488D4CE1E729B9B0023393D /* Build configuration list for PBXNativeTarget "SwiftShareBubbles" */ = {
			isa = XCConfigurationList;
			buildConfigurations = (
				6488D4CF1E729B9B0023393D /* Debug */,
				6488D4D01E729B9B0023393D /* Release */,
			);
			defaultConfigurationIsVisible = 0;
			defaultConfigurationName = Release;
		};
		6488D4D11E729B9B0023393D /* Build configuration list for PBXNativeTarget "SwiftShareBubblesTests" */ = {
			isa = XCConfigurationList;
			buildConfigurations = (
				6488D4D21E729B9B0023393D /* Debug */,
				6488D4D31E729B9B0023393D /* Release */,
			);
			defaultConfigurationIsVisible = 0;
			defaultConfigurationName = Release;
		};
/* End XCConfigurationList section */
	};
	rootObject = 6488D4B11E729B9B0023393D /* Project object */;
}
